
Microsoft Visual Studio Solution File, Format Version 12.00
# Visual Studio Version 17
VisualStudioVersion = 17.0.31903.59
MinimumVisualStudioVersion = 10.0.40219.1
Project("{FAE04EC0-301F-11D3-BF4B-00C04F79EFBC}") = "Harmonie.Domain", "src\Harmonie.Domain\Harmonie.Domain.csproj", "{B1E7A1F1-8C2E-4D3A-9F5B-1234567890A1}"
EndProject
Project("{FAE04EC0-301F-11D3-BF4B-00C04F79EFBC}") = "Harmonie.Application", "src\Harmonie.Application\Harmonie.Application.csproj", "{B1E7A1F1-8C2E-4D3A-9F5B-1234567890A2}"
EndProject
Project("{FAE04EC0-301F-11D3-BF4B-00C04F79EFBC}") = "Harmonie.Infrastructure", "src\Harmonie.Infrastructure\Harmonie.Infrastructure.csproj", "{B1E7A1F1-8C2E-4D3A-9F5B-1234567890A3}"
EndProject
Project("{FAE04EC0-301F-11D3-BF4B-00C04F79EFBC}") = "Harmonie.API", "src\Harmonie.API\Harmonie.API.csproj", "{B1E7A1F1-8C2E-4D3A-9F5B-1234567890A4}"
EndProject
Project("{FAE04EC0-301F-11D3-BF4B-00C04F79EFBC}") = "Harmonie.Domain.Tests", "tests\Harmonie.Domain.Tests\Harmonie.Domain.Tests.csproj", "{C1E7A1F1-8C2E-4D3A-9F5B-1234567890B1}"
EndProject
Project("{FAE04EC0-301F-11D3-BF4B-00C04F79EFBC}") = "Harmonie.Application.Tests", "tests\Harmonie.Application.Tests\Harmonie.Application.Tests.csproj", "{C1E7A1F1-8C2E-4D3A-9F5B-1234567890B2}"
EndProject
Project("{FAE04EC0-301F-11D3-BF4B-00C04F79EFBC}") = "Harmonie.API.IntegrationTests", "tests\Harmonie.API.IntegrationTests\Harmonie.API.IntegrationTests.csproj", "{C1E7A1F1-8C2E-4D3A-9F5B-1234567890B3}"
EndProject
Project("{FAE04EC0-301F-11D3-BF4B-00C04F79EFBC}") = "Harmonie.Migrations", "tools\Harmonie.Migrations\Harmonie.Migrations.csproj", "{D1E7A1F1-8C2E-4D3A-9F5B-1234567890C1}"
EndProject
Project("{2150E333-8FDC-42A3-9474-1A3956D46DE8}") = "src", "src", "{E1E7A1F1-8C2E-4D3A-9F5B-1234567890D1}"
EndProject
Project("{2150E333-8FDC-42A3-9474-1A3956D46DE8}") = "tests", "tests", "{E1E7A1F1-8C2E-4D3A-9F5B-1234567890D2}"
EndProject
Project("{2150E333-8FDC-42A3-9474-1A3956D46DE8}") = "tools", "tools", "{E1E7A1F1-8C2E-4D3A-9F5B-1234567890D3}"
EndProject
Project("{2150E333-8FDC-42A3-9474-1A3956D46DE8}") = "Solution Items", "Solution Items", "{E1E7A1F1-8C2E-4D3A-9F5B-1234567890D4}"
	ProjectSection(SolutionItems) = preProject
		README.md = README.md
		.gitignore = .gitignore
		docker-compose.yml = docker-compose.yml
		LICENSE = LICENSE
		.github\workflows\ci.yml = .github\workflows\ci.yml
		CLAUDE.md = CLAUDE.md
	EndProjectSection
EndProject
Project("{2150E333-8FDC-42A3-9474-1A3956D46DE8}") = "docs", "docs", "{B5EEC096-4D0B-4D74-9524-3573BBD619E6}"
	ProjectSection(SolutionItems) = preProject
		docs\ARCHITECTURE.md = docs\ARCHITECTURE.md
		docs\GETTING_STARTED.md = docs\GETTING_STARTED.md
	EndProjectSection
EndProject
Project("{FAE04EC0-301F-11D3-BF4B-00C04F79EFBC}") = "Harmonie.Infrastructure.Tests", "tests\Harmonie.Infrastructure.Tests\Harmonie.Infrastructure.Tests.csproj", "{41BF7DBE-349D-41F0-8779-CD2A42AAB553}"
EndProject
Global
	GlobalSection(SolutionConfigurationPlatforms) = preSolution
		Debug|Any CPU = Debug|Any CPU
		Debug|x64 = Debug|x64
		Debug|x86 = Debug|x86
		Release|Any CPU = Release|Any CPU
		Release|x64 = Release|x64
		Release|x86 = Release|x86
	EndGlobalSection
	GlobalSection(ProjectConfigurationPlatforms) = postSolution
		{B1E7A1F1-8C2E-4D3A-9F5B-1234567890A1}.Debug|Any CPU.ActiveCfg = Debug|Any CPU
		{B1E7A1F1-8C2E-4D3A-9F5B-1234567890A1}.Debug|Any CPU.Build.0 = Debug|Any CPU
		{B1E7A1F1-8C2E-4D3A-9F5B-1234567890A1}.Debug|x64.ActiveCfg = Debug|Any CPU
		{B1E7A1F1-8C2E-4D3A-9F5B-1234567890A1}.Debug|x64.Build.0 = Debug|Any CPU
		{B1E7A1F1-8C2E-4D3A-9F5B-1234567890A1}.Debug|x86.ActiveCfg = Debug|Any CPU
		{B1E7A1F1-8C2E-4D3A-9F5B-1234567890A1}.Debug|x86.Build.0 = Debug|Any CPU
		{B1E7A1F1-8C2E-4D3A-9F5B-1234567890A1}.Release|Any CPU.ActiveCfg = Release|Any CPU
		{B1E7A1F1-8C2E-4D3A-9F5B-1234567890A1}.Release|Any CPU.Build.0 = Release|Any CPU
		{B1E7A1F1-8C2E-4D3A-9F5B-1234567890A1}.Release|x64.ActiveCfg = Release|Any CPU
		{B1E7A1F1-8C2E-4D3A-9F5B-1234567890A1}.Release|x64.Build.0 = Release|Any CPU
		{B1E7A1F1-8C2E-4D3A-9F5B-1234567890A1}.Release|x86.ActiveCfg = Release|Any CPU
		{B1E7A1F1-8C2E-4D3A-9F5B-1234567890A1}.Release|x86.Build.0 = Release|Any CPU
		{B1E7A1F1-8C2E-4D3A-9F5B-1234567890A2}.Debug|Any CPU.ActiveCfg = Debug|Any CPU
		{B1E7A1F1-8C2E-4D3A-9F5B-1234567890A2}.Debug|Any CPU.Build.0 = Debug|Any CPU
		{B1E7A1F1-8C2E-4D3A-9F5B-1234567890A2}.Debug|x64.ActiveCfg = Debug|Any CPU
		{B1E7A1F1-8C2E-4D3A-9F5B-1234567890A2}.Debug|x64.Build.0 = Debug|Any CPU
		{B1E7A1F1-8C2E-4D3A-9F5B-1234567890A2}.Debug|x86.ActiveCfg = Debug|Any CPU
		{B1E7A1F1-8C2E-4D3A-9F5B-1234567890A2}.Debug|x86.Build.0 = Debug|Any CPU
		{B1E7A1F1-8C2E-4D3A-9F5B-1234567890A2}.Release|Any CPU.ActiveCfg = Release|Any CPU
		{B1E7A1F1-8C2E-4D3A-9F5B-1234567890A2}.Release|Any CPU.Build.0 = Release|Any CPU
		{B1E7A1F1-8C2E-4D3A-9F5B-1234567890A2}.Release|x64.ActiveCfg = Release|Any CPU
		{B1E7A1F1-8C2E-4D3A-9F5B-1234567890A2}.Release|x64.Build.0 = Release|Any CPU
		{B1E7A1F1-8C2E-4D3A-9F5B-1234567890A2}.Release|x86.ActiveCfg = Release|Any CPU
		{B1E7A1F1-8C2E-4D3A-9F5B-1234567890A2}.Release|x86.Build.0 = Release|Any CPU
		{B1E7A1F1-8C2E-4D3A-9F5B-1234567890A3}.Debug|Any CPU.ActiveCfg = Debug|Any CPU
		{B1E7A1F1-8C2E-4D3A-9F5B-1234567890A3}.Debug|Any CPU.Build.0 = Debug|Any CPU
		{B1E7A1F1-8C2E-4D3A-9F5B-1234567890A3}.Debug|x64.ActiveCfg = Debug|Any CPU
		{B1E7A1F1-8C2E-4D3A-9F5B-1234567890A3}.Debug|x64.Build.0 = Debug|Any CPU
		{B1E7A1F1-8C2E-4D3A-9F5B-1234567890A3}.Debug|x86.ActiveCfg = Debug|Any CPU
		{B1E7A1F1-8C2E-4D3A-9F5B-1234567890A3}.Debug|x86.Build.0 = Debug|Any CPU
		{B1E7A1F1-8C2E-4D3A-9F5B-1234567890A3}.Release|Any CPU.ActiveCfg = Release|Any CPU
		{B1E7A1F1-8C2E-4D3A-9F5B-1234567890A3}.Release|Any CPU.Build.0 = Release|Any CPU
		{B1E7A1F1-8C2E-4D3A-9F5B-1234567890A3}.Release|x64.ActiveCfg = Release|Any CPU
		{B1E7A1F1-8C2E-4D3A-9F5B-1234567890A3}.Release|x64.Build.0 = Release|Any CPU
		{B1E7A1F1-8C2E-4D3A-9F5B-1234567890A3}.Release|x86.ActiveCfg = Release|Any CPU
		{B1E7A1F1-8C2E-4D3A-9F5B-1234567890A3}.Release|x86.Build.0 = Release|Any CPU
		{B1E7A1F1-8C2E-4D3A-9F5B-1234567890A4}.Debug|Any CPU.ActiveCfg = Debug|Any CPU
		{B1E7A1F1-8C2E-4D3A-9F5B-1234567890A4}.Debug|Any CPU.Build.0 = Debug|Any CPU
		{B1E7A1F1-8C2E-4D3A-9F5B-1234567890A4}.Debug|x64.ActiveCfg = Debug|Any CPU
		{B1E7A1F1-8C2E-4D3A-9F5B-1234567890A4}.Debug|x64.Build.0 = Debug|Any CPU
		{B1E7A1F1-8C2E-4D3A-9F5B-1234567890A4}.Debug|x86.ActiveCfg = Debug|Any CPU
		{B1E7A1F1-8C2E-4D3A-9F5B-1234567890A4}.Debug|x86.Build.0 = Debug|Any CPU
		{B1E7A1F1-8C2E-4D3A-9F5B-1234567890A4}.Release|Any CPU.ActiveCfg = Release|Any CPU
		{B1E7A1F1-8C2E-4D3A-9F5B-1234567890A4}.Release|Any CPU.Build.0 = Release|Any CPU
		{B1E7A1F1-8C2E-4D3A-9F5B-1234567890A4}.Release|x64.ActiveCfg = Release|Any CPU
		{B1E7A1F1-8C2E-4D3A-9F5B-1234567890A4}.Release|x64.Build.0 = Release|Any CPU
		{B1E7A1F1-8C2E-4D3A-9F5B-1234567890A4}.Release|x86.ActiveCfg = Release|Any CPU
		{B1E7A1F1-8C2E-4D3A-9F5B-1234567890A4}.Release|x86.Build.0 = Release|Any CPU
		{C1E7A1F1-8C2E-4D3A-9F5B-1234567890B1}.Debug|Any CPU.ActiveCfg = Debug|Any CPU
		{C1E7A1F1-8C2E-4D3A-9F5B-1234567890B1}.Debug|Any CPU.Build.0 = Debug|Any CPU
		{C1E7A1F1-8C2E-4D3A-9F5B-1234567890B1}.Debug|x64.ActiveCfg = Debug|Any CPU
		{C1E7A1F1-8C2E-4D3A-9F5B-1234567890B1}.Debug|x64.Build.0 = Debug|Any CPU
		{C1E7A1F1-8C2E-4D3A-9F5B-1234567890B1}.Debug|x86.ActiveCfg = Debug|Any CPU
		{C1E7A1F1-8C2E-4D3A-9F5B-1234567890B1}.Debug|x86.Build.0 = Debug|Any CPU
		{C1E7A1F1-8C2E-4D3A-9F5B-1234567890B1}.Release|Any CPU.ActiveCfg = Release|Any CPU
		{C1E7A1F1-8C2E-4D3A-9F5B-1234567890B1}.Release|Any CPU.Build.0 = Release|Any CPU
		{C1E7A1F1-8C2E-4D3A-9F5B-1234567890B1}.Release|x64.ActiveCfg = Release|Any CPU
		{C1E7A1F1-8C2E-4D3A-9F5B-1234567890B1}.Release|x64.Build.0 = Release|Any CPU
		{C1E7A1F1-8C2E-4D3A-9F5B-1234567890B1}.Release|x86.ActiveCfg = Release|Any CPU
		{C1E7A1F1-8C2E-4D3A-9F5B-1234567890B1}.Release|x86.Build.0 = Release|Any CPU
		{C1E7A1F1-8C2E-4D3A-9F5B-1234567890B2}.Debug|Any CPU.ActiveCfg = Debug|Any CPU
		{C1E7A1F1-8C2E-4D3A-9F5B-1234567890B2}.Debug|Any CPU.Build.0 = Debug|Any CPU
		{C1E7A1F1-8C2E-4D3A-9F5B-1234567890B2}.Debug|x64.ActiveCfg = Debug|Any CPU
		{C1E7A1F1-8C2E-4D3A-9F5B-1234567890B2}.Debug|x64.Build.0 = Debug|Any CPU
		{C1E7A1F1-8C2E-4D3A-9F5B-1234567890B2}.Debug|x86.ActiveCfg = Debug|Any CPU
		{C1E7A1F1-8C2E-4D3A-9F5B-1234567890B2}.Debug|x86.Build.0 = Debug|Any CPU
		{C1E7A1F1-8C2E-4D3A-9F5B-1234567890B2}.Release|Any CPU.ActiveCfg = Release|Any CPU
		{C1E7A1F1-8C2E-4D3A-9F5B-1234567890B2}.Release|Any CPU.Build.0 = Release|Any CPU
		{C1E7A1F1-8C2E-4D3A-9F5B-1234567890B2}.Release|x64.ActiveCfg = Release|Any CPU
		{C1E7A1F1-8C2E-4D3A-9F5B-1234567890B2}.Release|x64.Build.0 = Release|Any CPU
		{C1E7A1F1-8C2E-4D3A-9F5B-1234567890B2}.Release|x86.ActiveCfg = Release|Any CPU
		{C1E7A1F1-8C2E-4D3A-9F5B-1234567890B2}.Release|x86.Build.0 = Release|Any CPU
		{C1E7A1F1-8C2E-4D3A-9F5B-1234567890B3}.Debug|Any CPU.ActiveCfg = Debug|Any CPU
		{C1E7A1F1-8C2E-4D3A-9F5B-1234567890B3}.Debug|Any CPU.Build.0 = Debug|Any CPU
		{C1E7A1F1-8C2E-4D3A-9F5B-1234567890B3}.Debug|x64.ActiveCfg = Debug|Any CPU
		{C1E7A1F1-8C2E-4D3A-9F5B-1234567890B3}.Debug|x64.Build.0 = Debug|Any CPU
		{C1E7A1F1-8C2E-4D3A-9F5B-1234567890B3}.Debug|x86.ActiveCfg = Debug|Any CPU
		{C1E7A1F1-8C2E-4D3A-9F5B-1234567890B3}.Debug|x86.Build.0 = Debug|Any CPU
		{C1E7A1F1-8C2E-4D3A-9F5B-1234567890B3}.Release|Any CPU.ActiveCfg = Release|Any CPU
		{C1E7A1F1-8C2E-4D3A-9F5B-1234567890B3}.Release|Any CPU.Build.0 = Release|Any CPU
		{C1E7A1F1-8C2E-4D3A-9F5B-1234567890B3}.Release|x64.ActiveCfg = Release|Any CPU
		{C1E7A1F1-8C2E-4D3A-9F5B-1234567890B3}.Release|x64.Build.0 = Release|Any CPU
		{C1E7A1F1-8C2E-4D3A-9F5B-1234567890B3}.Release|x86.ActiveCfg = Release|Any CPU
		{C1E7A1F1-8C2E-4D3A-9F5B-1234567890B3}.Release|x86.Build.0 = Release|Any CPU
		{D1E7A1F1-8C2E-4D3A-9F5B-1234567890C1}.Debug|Any CPU.ActiveCfg = Debug|Any CPU
		{D1E7A1F1-8C2E-4D3A-9F5B-1234567890C1}.Debug|Any CPU.Build.0 = Debug|Any CPU
		{D1E7A1F1-8C2E-4D3A-9F5B-1234567890C1}.Debug|x64.ActiveCfg = Debug|Any CPU
		{D1E7A1F1-8C2E-4D3A-9F5B-1234567890C1}.Debug|x64.Build.0 = Debug|Any CPU
		{D1E7A1F1-8C2E-4D3A-9F5B-1234567890C1}.Debug|x86.ActiveCfg = Debug|Any CPU
		{D1E7A1F1-8C2E-4D3A-9F5B-1234567890C1}.Debug|x86.Build.0 = Debug|Any CPU
		{D1E7A1F1-8C2E-4D3A-9F5B-1234567890C1}.Release|Any CPU.ActiveCfg = Release|Any CPU
		{D1E7A1F1-8C2E-4D3A-9F5B-1234567890C1}.Release|Any CPU.Build.0 = Release|Any CPU
		{D1E7A1F1-8C2E-4D3A-9F5B-1234567890C1}.Release|x64.ActiveCfg = Release|Any CPU
		{D1E7A1F1-8C2E-4D3A-9F5B-1234567890C1}.Release|x64.Build.0 = Release|Any CPU
		{D1E7A1F1-8C2E-4D3A-9F5B-1234567890C1}.Release|x86.ActiveCfg = Release|Any CPU
		{D1E7A1F1-8C2E-4D3A-9F5B-1234567890C1}.Release|x86.Build.0 = Release|Any CPU
		{41BF7DBE-349D-41F0-8779-CD2A42AAB553}.Debug|Any CPU.ActiveCfg = Debug|Any CPU
		{41BF7DBE-349D-41F0-8779-CD2A42AAB553}.Debug|Any CPU.Build.0 = Debug|Any CPU
		{41BF7DBE-349D-41F0-8779-CD2A42AAB553}.Debug|x64.ActiveCfg = Debug|Any CPU
		{41BF7DBE-349D-41F0-8779-CD2A42AAB553}.Debug|x64.Build.0 = Debug|Any CPU
		{41BF7DBE-349D-41F0-8779-CD2A42AAB553}.Debug|x86.ActiveCfg = Debug|Any CPU
		{41BF7DBE-349D-41F0-8779-CD2A42AAB553}.Debug|x86.Build.0 = Debug|Any CPU
		{41BF7DBE-349D-41F0-8779-CD2A42AAB553}.Release|Any CPU.ActiveCfg = Release|Any CPU
		{41BF7DBE-349D-41F0-8779-CD2A42AAB553}.Release|Any CPU.Build.0 = Release|Any CPU
		{41BF7DBE-349D-41F0-8779-CD2A42AAB553}.Release|x64.ActiveCfg = Release|Any CPU
		{41BF7DBE-349D-41F0-8779-CD2A42AAB553}.Release|x64.Build.0 = Release|Any CPU
		{41BF7DBE-349D-41F0-8779-CD2A42AAB553}.Release|x86.ActiveCfg = Release|Any CPU
		{41BF7DBE-349D-41F0-8779-CD2A42AAB553}.Release|x86.Build.0 = Release|Any CPU
	EndGlobalSection
	GlobalSection(SolutionProperties) = preSolution
		HideSolutionNode = FALSE
	EndGlobalSection
	GlobalSection(NestedProjects) = preSolution
		{B1E7A1F1-8C2E-4D3A-9F5B-1234567890A1} = {E1E7A1F1-8C2E-4D3A-9F5B-1234567890D1}
		{B1E7A1F1-8C2E-4D3A-9F5B-1234567890A2} = {E1E7A1F1-8C2E-4D3A-9F5B-1234567890D1}
		{B1E7A1F1-8C2E-4D3A-9F5B-1234567890A3} = {E1E7A1F1-8C2E-4D3A-9F5B-1234567890D1}
		{B1E7A1F1-8C2E-4D3A-9F5B-1234567890A4} = {E1E7A1F1-8C2E-4D3A-9F5B-1234567890D1}
		{C1E7A1F1-8C2E-4D3A-9F5B-1234567890B1} = {E1E7A1F1-8C2E-4D3A-9F5B-1234567890D2}
		{C1E7A1F1-8C2E-4D3A-9F5B-1234567890B2} = {E1E7A1F1-8C2E-4D3A-9F5B-1234567890D2}
		{C1E7A1F1-8C2E-4D3A-9F5B-1234567890B3} = {E1E7A1F1-8C2E-4D3A-9F5B-1234567890D2}
		{D1E7A1F1-8C2E-4D3A-9F5B-1234567890C1} = {E1E7A1F1-8C2E-4D3A-9F5B-1234567890D3}
		{41BF7DBE-349D-41F0-8779-CD2A42AAB553} = {E1E7A1F1-8C2E-4D3A-9F5B-1234567890D2}
	EndGlobalSection
	GlobalSection(ExtensibilityGlobals) = postSolution
		SolutionGuid = {F1E7A1F1-8C2E-4D3A-9F5B-1234567890E1}
	EndGlobalSection
EndGlobal
